
Microsoft Visual Studio Solution File, Format Version 12.00
# Visual Studio Version 17
VisualStudioVersion = 17.3.32825.248
MinimumVisualStudioVersion = 10.0.40219.1
Project("{FAE04EC0-301F-11D3-BF4B-00C04F79EFBC}") = "LeaveManagement_2", "LeaveManagement_2\LeaveManagement_2.csproj", "{BB0E0B80-C3DC-4B92-9F3B-1E3AB07F8D97}"
EndProject
Global
	GlobalSection(SolutionConfigurationPlatforms) = preSolution
		Debug|Any CPU = Debug|Any CPU
		Release|Any CPU = Release|Any CPU
	EndGlobalSection
	GlobalSection(ProjectConfigurationPlatforms) = postSolution
		{BB0E0B80-C3DC-4B92-9F3B-1E3AB07F8D97}.Debug|Any CPU.ActiveCfg = Debug|Any CPU
		{BB0E0B80-C3DC-4B92-9F3B-1E3AB07F8D97}.Debug|Any CPU.Build.0 = Debug|Any CPU
		{BB0E0B80-C3DC-4B92-9F3B-1E3AB07F8D97}.Release|Any CPU.ActiveCfg = Release|Any CPU
		{BB0E0B80-C3DC-4B92-9F3B-1E3AB07F8D97}.Release|Any CPU.Build.0 = Release|Any CPU
	EndGlobalSection
	GlobalSection(SolutionProperties) = preSolution
		HideSolutionNode = FALSE
	EndGlobalSection
	GlobalSection(ExtensibilityGlobals) = postSolution
		SolutionGuid = {DB1D7F18-A34F-4968-A2DC-1F36358F1722}
	EndGlobalSection
EndGlobal
